# THIS IS AN AUTOGENERATED FILE. DO NOT EDIT THIS FILE DIRECTLY.
# yarn lockfile v1


react-icon-base@2.0.4:
  version "2.0.4"
  resolved "https://registry.yarnpkg.com/react-icon-base/-/react-icon-base-2.0.4.tgz#b6b7662e8b009b270a4f0c213c222f5d6eca3b22"

react-icons@^2.2.3:
  version "2.2.3"
  resolved "https://registry.yarnpkg.com/react-icons/-/react-icons-2.2.3.tgz#3b4847923065ecb09f8ba7f7e422112de0195196"
  dependencies:
    react-icon-base "2.0.4"
